
Microsoft Visual Studio Solution File, Format Version 12.00
# Visual Studio 15
VisualStudioVersion = 15.0.28307.1738
MinimumVisualStudioVersion = 10.0.40219.1
Project("{8BC9CEB8-8B4A-11D0-8D11-00A0C91BC942}") = "LL1", "LL1\LL1.vcxproj", "{C5BB8131-EAF0-42A1-85B9-3DAE0B83C9BB}"
EndProject
Global
	GlobalSection(SolutionConfigurationPlatforms) = preSolution
		Debug|x64 = Debug|x64
		Debug|x86 = Debug|x86
		Release|x64 = Release|x64
		Release|x86 = Release|x86
	EndGlobalSection
	GlobalSection(ProjectConfigurationPlatforms) = postSolution
		{C5BB8131-EAF0-42A1-85B9-3DAE0B83C9BB}.Debug|x64.ActiveCfg = Debug|x64
		{C5BB8131-EAF0-42A1-85B9-3DAE0B83C9BB}.Debug|x64.Build.0 = Debug|x64
		{C5BB8131-EAF0-42A1-85B9-3DAE0B83C9BB}.Debug|x86.ActiveCfg = Debug|Win32
		{C5BB8131-EAF0-42A1-85B9-3DAE0B83C9BB}.Debug|x86.Build.0 = Debug|Win32
		{C5BB8131-EAF0-42A1-85B9-3DAE0B83C9BB}.Release|x64.ActiveCfg = Release|x64
		{C5BB8131-EAF0-42A1-85B9-3DAE0B83C9BB}.Release|x64.Build.0 = Release|x64
		{C5BB8131-EAF0-42A1-85B9-3DAE0B83C9BB}.Release|x86.ActiveCfg = Release|Win32
		{C5BB8131-EAF0-42A1-85B9-3DAE0B83C9BB}.Release|x86.Build.0 = Release|Win32
	EndGlobalSection
	GlobalSection(SolutionProperties) = preSolution
		HideSolutionNode = FALSE
	EndGlobalSection
	GlobalSection(ExtensibilityGlobals) = postSolution
		SolutionGuid = {8552D7D7-8836-4CCF-BBD3-7D568007ADB2}
	EndGlobalSection
EndGlobal
